
Microsoft Visual Studio Solution File, Format Version 12.00
# Visual Studio Version 16
VisualStudioVersion = 16.0.30517.126
MinimumVisualStudioVersion = 10.0.40219.1
Project("{FAE04EC0-301F-11D3-BF4B-00C04F79EFBC}") = "WebAppMVC", "WebAppMVC\WebAppMVC.csproj", "{9778ED15-1D3B-42FD-810F-0989F74C0A14}"
EndProject
Global
	GlobalSection(SolutionConfigurationPlatforms) = preSolution
		Debug|Any CPU = Debug|Any CPU
		Release|Any CPU = Release|Any CPU
	EndGlobalSection
	GlobalSection(ProjectConfigurationPlatforms) = postSolution
		{9778ED15-1D3B-42FD-810F-0989F74C0A14}.Debug|Any CPU.ActiveCfg = Debug|Any CPU
		{9778ED15-1D3B-42FD-810F-0989F74C0A14}.Debug|Any CPU.Build.0 = Debug|Any CPU
		{9778ED15-1D3B-42FD-810F-0989F74C0A14}.Release|Any CPU.ActiveCfg = Release|Any CPU
		{9778ED15-1D3B-42FD-810F-0989F74C0A14}.Release|Any CPU.Build.0 = Release|Any CPU
	EndGlobalSection
	GlobalSection(SolutionProperties) = preSolution
		HideSolutionNode = FALSE
	EndGlobalSection
	GlobalSection(ExtensibilityGlobals) = postSolution
		SolutionGuid = {750D0803-6C0B-48EC-BDBE-DC8EBE990D73}
	EndGlobalSection
EndGlobal
